
Microsoft Visual Studio Solution File, Format Version 12.00
# Visual Studio Version 17
VisualStudioVersion = 17.14.36616.10 d17.14
MinimumVisualStudioVersion = 10.0.40219.1
Project("{2150E333-8FDC-42A3-9474-1A3956D46DE8}") = "Task0", "Task0", "{02EA681E-C7D8-13C7-8484-4AC65E1B71E8}"
EndProject
Project("{FAE04EC0-301F-11D3-BF4B-00C04F79EFBC}") = "Tyuiu.Fericule.Sprint1.Task0.V15", "Tyuiu.Fericule.Sprint1.Task0.V15\Tyuiu.Fericule.Sprint1.Task0.V15.csproj", "{74A5E0A3-B8C5-4BC4-A76F-2448E4E1201C}"
EndProject
Project("{FAE04EC0-301F-11D3-BF4B-00C04F79EFBC}") = "Tyuiu.Fericule.Sprint1.Task0.V15.Test", "Tyuiu.Fericule.Sprint1.Task0.V15.Test\Tyuiu.Fericule.Sprint1.Task0.V15.Test.csproj", "{30248614-AB12-4AD5-80B9-2181820DACD2}"
EndProject
Project("{FAE04EC0-301F-11D3-BF4B-00C04F79EFBC}") = "Tyuiu.Fericule.Sprint1.Task0.V15.Lib", "Tyuiu.Fericule.Sprint1.Task0.V15.Lib\Tyuiu.Fericule.Sprint1.Task0.V15.Lib.csproj", "{1C9DDD96-20CA-4A8E-BF82-B020847CC9EB}"
EndProject
Project("{2150E333-8FDC-42A3-9474-1A3956D46DE8}") = "Task1", "Task1", "{FBA9CBE1-4AAE-4CFF-BCBB-5B9550191A79}"
EndProject
Project("{FAE04EC0-301F-11D3-BF4B-00C04F79EFBC}") = "Tyuiu.Fericule.Sprint1.Task1.V8.Lib", "Tyuiu.Fericule.Sprint1.Task1.V8.Lib\Tyuiu.Fericule.Sprint1.Task1.V8.Lib.csproj", "{D55694F6-96EC-4287-935E-804DBCCE9AD2}"
EndProject
Project("{FAE04EC0-301F-11D3-BF4B-00C04F79EFBC}") = "Tyuiu.Fericule.Sprint1.Task1.V8.Test", "Tyuiu.Fericule.Sprint1.Task1.V8.Test\Tyuiu.Fericule.Sprint1.Task1.V8.Test.csproj", "{4C3EEF34-9105-482C-95DA-9E23E76A11A4}"
EndProject
Project("{FAE04EC0-301F-11D3-BF4B-00C04F79EFBC}") = "Tyuiu.Fericule.Sprint1.Task1.V8", "Tyuiu.Fericule.Sprint1.Task1.V8\Tyuiu.Fericule.Sprint1.Task1.V8.csproj", "{41EC7AEA-4E88-4B9B-8FEC-28922DDD3467}"
EndProject
Project("{2150E333-8FDC-42A3-9474-1A3956D46DE8}") = "Task2", "Task2", "{CC547621-96F7-4163-B22F-9D7459B8F69F}"
EndProject
Project("{FAE04EC0-301F-11D3-BF4B-00C04F79EFBC}") = "Tyuiu.Fericule.Sprint1.Task2.V19", "Tyuiu.Fericule.Sprint1.Task2.V19\Tyuiu.Fericule.Sprint1.Task2.V19.csproj", "{F6171819-610A-4D08-8CCB-51FA644B8FEB}"
EndProject
Project("{FAE04EC0-301F-11D3-BF4B-00C04F79EFBC}") = "Tyuiu.Fericule.Sprint1.Task2.V19.Test", "Tyuiu.Fericule.Sprint1.Task2.V19.Test\Tyuiu.Fericule.Sprint1.Task2.V19.Test.csproj", "{9BB04220-1904-4875-B8DC-57F92AD58D5A}"
EndProject
Project("{FAE04EC0-301F-11D3-BF4B-00C04F79EFBC}") = "Tyuiu.Fericule.Sprint1.Task2.V19.Lib", "Tyuiu.Fericule.Sprint1.Task2.V19.Lib\Tyuiu.Fericule.Sprint1.Task2.V19.Lib.csproj", "{1B4A172F-7AED-4A96-8190-8E2956FBAC25}"
EndProject
Global
	GlobalSection(SolutionConfigurationPlatforms) = preSolution
		Debug|Any CPU = Debug|Any CPU
		Release|Any CPU = Release|Any CPU
	EndGlobalSection
	GlobalSection(ProjectConfigurationPlatforms) = postSolution
		{74A5E0A3-B8C5-4BC4-A76F-2448E4E1201C}.Debug|Any CPU.ActiveCfg = Debug|Any CPU
		{74A5E0A3-B8C5-4BC4-A76F-2448E4E1201C}.Debug|Any CPU.Build.0 = Debug|Any CPU
		{74A5E0A3-B8C5-4BC4-A76F-2448E4E1201C}.Release|Any CPU.ActiveCfg = Release|Any CPU
		{74A5E0A3-B8C5-4BC4-A76F-2448E4E1201C}.Release|Any CPU.Build.0 = Release|Any CPU
		{30248614-AB12-4AD5-80B9-2181820DACD2}.Debug|Any CPU.ActiveCfg = Debug|Any CPU
		{30248614-AB12-4AD5-80B9-2181820DACD2}.Debug|Any CPU.Build.0 = Debug|Any CPU
		{30248614-AB12-4AD5-80B9-2181820DACD2}.Release|Any CPU.ActiveCfg = Release|Any CPU
		{30248614-AB12-4AD5-80B9-2181820DACD2}.Release|Any CPU.Build.0 = Release|Any CPU
		{1C9DDD96-20CA-4A8E-BF82-B020847CC9EB}.Debug|Any CPU.ActiveCfg = Debug|Any CPU
		{1C9DDD96-20CA-4A8E-BF82-B020847CC9EB}.Debug|Any CPU.Build.0 = Debug|Any CPU
		{1C9DDD96-20CA-4A8E-BF82-B020847CC9EB}.Release|Any CPU.ActiveCfg = Release|Any CPU
		{1C9DDD96-20CA-4A8E-BF82-B020847CC9EB}.Release|Any CPU.Build.0 = Release|Any CPU
		{D55694F6-96EC-4287-935E-804DBCCE9AD2}.Debug|Any CPU.ActiveCfg = Debug|Any CPU
		{D55694F6-96EC-4287-935E-804DBCCE9AD2}.Debug|Any CPU.Build.0 = Debug|Any CPU
		{D55694F6-96EC-4287-935E-804DBCCE9AD2}.Release|Any CPU.ActiveCfg = Release|Any CPU
		{D55694F6-96EC-4287-935E-804DBCCE9AD2}.Release|Any CPU.Build.0 = Release|Any CPU
		{4C3EEF34-9105-482C-95DA-9E23E76A11A4}.Debug|Any CPU.ActiveCfg = Debug|Any CPU
		{4C3EEF34-9105-482C-95DA-9E23E76A11A4}.Debug|Any CPU.Build.0 = Debug|Any CPU
		{4C3EEF34-9105-482C-95DA-9E23E76A11A4}.Release|Any CPU.ActiveCfg = Release|Any CPU
		{4C3EEF34-9105-482C-95DA-9E23E76A11A4}.Release|Any CPU.Build.0 = Release|Any CPU
		{41EC7AEA-4E88-4B9B-8FEC-28922DDD3467}.Debug|Any CPU.ActiveCfg = Debug|Any CPU
		{41EC7AEA-4E88-4B9B-8FEC-28922DDD3467}.Debug|Any CPU.Build.0 = Debug|Any CPU
		{41EC7AEA-4E88-4B9B-8FEC-28922DDD3467}.Release|Any CPU.ActiveCfg = Release|Any CPU
		{41EC7AEA-4E88-4B9B-8FEC-28922DDD3467}.Release|Any CPU.Build.0 = Release|Any CPU
		{F6171819-610A-4D08-8CCB-51FA644B8FEB}.Debug|Any CPU.ActiveCfg = Debug|Any CPU
		{F6171819-610A-4D08-8CCB-51FA644B8FEB}.Debug|Any CPU.Build.0 = Debug|Any CPU
		{F6171819-610A-4D08-8CCB-51FA644B8FEB}.Release|Any CPU.ActiveCfg = Release|Any CPU
		{F6171819-610A-4D08-8CCB-51FA644B8FEB}.Release|Any CPU.Build.0 = Release|Any CPU
		{9BB04220-1904-4875-B8DC-57F92AD58D5A}.Debug|Any CPU.ActiveCfg = Debug|Any CPU
		{9BB04220-1904-4875-B8DC-57F92AD58D5A}.Debug|Any CPU.Build.0 = Debug|Any CPU
		{9BB04220-1904-4875-B8DC-57F92AD58D5A}.Release|Any CPU.ActiveCfg = Release|Any CPU
		{9BB04220-1904-4875-B8DC-57F92AD58D5A}.Release|Any CPU.Build.0 = Release|Any CPU
		{1B4A172F-7AED-4A96-8190-8E2956FBAC25}.Debug|Any CPU.ActiveCfg = Debug|Any CPU
		{1B4A172F-7AED-4A96-8190-8E2956FBAC25}.Debug|Any CPU.Build.0 = Debug|Any CPU
		{1B4A172F-7AED-4A96-8190-8E2956FBAC25}.Release|Any CPU.ActiveCfg = Release|Any CPU
		{1B4A172F-7AED-4A96-8190-8E2956FBAC25}.Release|Any CPU.Build.0 = Release|Any CPU
	EndGlobalSection
	GlobalSection(SolutionProperties) = preSolution
		HideSolutionNode = FALSE
	EndGlobalSection
	GlobalSection(NestedProjects) = preSolution
		{74A5E0A3-B8C5-4BC4-A76F-2448E4E1201C} = {02EA681E-C7D8-13C7-8484-4AC65E1B71E8}
		{30248614-AB12-4AD5-80B9-2181820DACD2} = {02EA681E-C7D8-13C7-8484-4AC65E1B71E8}
		{1C9DDD96-20CA-4A8E-BF82-B020847CC9EB} = {02EA681E-C7D8-13C7-8484-4AC65E1B71E8}
		{D55694F6-96EC-4287-935E-804DBCCE9AD2} = {FBA9CBE1-4AAE-4CFF-BCBB-5B9550191A79}
		{4C3EEF34-9105-482C-95DA-9E23E76A11A4} = {FBA9CBE1-4AAE-4CFF-BCBB-5B9550191A79}
		{41EC7AEA-4E88-4B9B-8FEC-28922DDD3467} = {FBA9CBE1-4AAE-4CFF-BCBB-5B9550191A79}
		{F6171819-610A-4D08-8CCB-51FA644B8FEB} = {CC547621-96F7-4163-B22F-9D7459B8F69F}
		{9BB04220-1904-4875-B8DC-57F92AD58D5A} = {CC547621-96F7-4163-B22F-9D7459B8F69F}
		{1B4A172F-7AED-4A96-8190-8E2956FBAC25} = {CC547621-96F7-4163-B22F-9D7459B8F69F}
	EndGlobalSection
	GlobalSection(ExtensibilityGlobals) = postSolution
		SolutionGuid = {DE6189C5-9BE8-4F94-8B80-46C3A453157C}
	EndGlobalSection
EndGlobal
